
Microsoft Visual Studio Solution File, Format Version 12.00
# Visual Studio Version 16
VisualStudioVersion = 16.0.30611.23
MinimumVisualStudioVersion = 10.0.40219.1
Project("{FAE04EC0-301F-11D3-BF4B-00C04F79EFBC}") = "WinForms1", "WinForms1\WinForms1.csproj", "{A3FD4931-F50E-405F-A580-AF90417A219F}"
EndProject
Project("{FAE04EC0-301F-11D3-BF4B-00C04F79EFBC}") = "WinForms2", "WinForms2\WinForms2.csproj", "{D2EFDC3E-5BAA-430E-82C0-0D63C71CB49A}"
EndProject
Project("{FAE04EC0-301F-11D3-BF4B-00C04F79EFBC}") = "Calculator", "Calculator\Calculator.csproj", "{773E64FB-ACB0-4CA8-B916-CBC6E451AAE3}"
EndProject
Global
	GlobalSection(SolutionConfigurationPlatforms) = preSolution
		Debug|Any CPU = Debug|Any CPU
		Release|Any CPU = Release|Any CPU
	EndGlobalSection
	GlobalSection(ProjectConfigurationPlatforms) = postSolution
		{A3FD4931-F50E-405F-A580-AF90417A219F}.Debug|Any CPU.ActiveCfg = Debug|Any CPU
		{A3FD4931-F50E-405F-A580-AF90417A219F}.Debug|Any CPU.Build.0 = Debug|Any CPU
		{A3FD4931-F50E-405F-A580-AF90417A219F}.Release|Any CPU.ActiveCfg = Release|Any CPU
		{A3FD4931-F50E-405F-A580-AF90417A219F}.Release|Any CPU.Build.0 = Release|Any CPU
		{D2EFDC3E-5BAA-430E-82C0-0D63C71CB49A}.Debug|Any CPU.ActiveCfg = Debug|Any CPU
		{D2EFDC3E-5BAA-430E-82C0-0D63C71CB49A}.Debug|Any CPU.Build.0 = Debug|Any CPU
		{D2EFDC3E-5BAA-430E-82C0-0D63C71CB49A}.Release|Any CPU.ActiveCfg = Release|Any CPU
		{D2EFDC3E-5BAA-430E-82C0-0D63C71CB49A}.Release|Any CPU.Build.0 = Release|Any CPU
		{773E64FB-ACB0-4CA8-B916-CBC6E451AAE3}.Debug|Any CPU.ActiveCfg = Debug|Any CPU
		{773E64FB-ACB0-4CA8-B916-CBC6E451AAE3}.Debug|Any CPU.Build.0 = Debug|Any CPU
		{773E64FB-ACB0-4CA8-B916-CBC6E451AAE3}.Release|Any CPU.ActiveCfg = Release|Any CPU
		{773E64FB-ACB0-4CA8-B916-CBC6E451AAE3}.Release|Any CPU.Build.0 = Release|Any CPU
	EndGlobalSection
	GlobalSection(SolutionProperties) = preSolution
		HideSolutionNode = FALSE
	EndGlobalSection
	GlobalSection(ExtensibilityGlobals) = postSolution
		SolutionGuid = {F6CBB202-E56E-44F0-8F82-489A70DC95EB}
	EndGlobalSection
EndGlobal
